// !$*UTF8*$!
{
	archiveVersion = 1;
	classes = {
	};
	objectVersion = 56;
	objects = {

/* Begin PBXBuildFile section */
		6047792F2C5CCABC00CD3F38 /* Ui4StoreApp.swift in Sources */ = {isa = PBXBuildFile; fileRef = 6047792E2C5CCABC00CD3F38 /* Ui4StoreApp.swift */; };
		604779312C5CCABC00CD3F38 /* ContentView.swift in Sources */ = {isa = PBXBuildFile; fileRef = 604779302C5CCABC00CD3F38 /* ContentView.swift */; };
		604779332C5CCABC00CD3F38 /* Assets.xcassets in Resources */ = {isa = PBXBuildFile; fileRef = 604779322C5CCABC00CD3F38 /* Assets.xcassets */; };
		604779362C5CCABC00CD3F38 /* Preview Assets.xcassets in Resources */ = {isa = PBXBuildFile; fileRef = 604779352C5CCABC00CD3F38 /* Preview Assets.xcassets */; };
		604779402C5CCABC00CD3F38 /* Ui4StoreTests.swift in Sources */ = {isa = PBXBuildFile; fileRef = 6047793F2C5CCABC00CD3F38 /* Ui4StoreTests.swift */; };
		6047794A2C5CCABC00CD3F38 /* Ui4StoreUITests.swift in Sources */ = {isa = PBXBuildFile; fileRef = 604779492C5CCABC00CD3F38 /* Ui4StoreUITests.swift */; };
		6047794C2C5CCABC00CD3F38 /* Ui4StoreUITestsLaunchTests.swift in Sources */ = {isa = PBXBuildFile; fileRef = 6047794B2C5CCABC00CD3F38 /* Ui4StoreUITestsLaunchTests.swift */; };
		6047795A2C5CCCDE00CD3F38 /* ItemDetailView.swift in Sources */ = {isa = PBXBuildFile; fileRef = 604779592C5CCCDE00CD3F38 /* ItemDetailView.swift */; };
/* End PBXBuildFile section */

/* Begin PBXContainerItemProxy section */
		6047793C2C5CCABC00CD3F38 /* PBXContainerItemProxy */ = {
			isa = PBXContainerItemProxy;
			containerPortal = 604779232C5CCABB00CD3F38 /* Project object */;
			proxyType = 1;
			remoteGlobalIDString = 6047792A2C5CCABC00CD3F38;
			remoteInfo = Ui4Store;
		};
		604779462C5CCABC00CD3F38 /* PBXContainerItemProxy */ = {
			isa = PBXContainerItemProxy;
			containerPortal = 604779232C5CCABB00CD3F38 /* Project object */;
			proxyType = 1;
			remoteGlobalIDString = 6047792A2C5CCABC00CD3F38;
			remoteInfo = Ui4Store;
		};
/* End PBXContainerItemProxy section */

/* Begin PBXFileReference section */
		6047792B2C5CCABC00CD3F38 /* Ui4Store.app */ = {isa = PBXFileReference; explicitFileType = wrapper.application; includeInIndex = 0; path = Ui4Store.app; sourceTree = BUILT_PRODUCTS_DIR; };
		6047792E2C5CCABC00CD3F38 /* Ui4StoreApp.swift */ = {isa = PBXFileReference; lastKnownFileType = sourcecode.swift; path = Ui4StoreApp.swift; sourceTree = "<group>"; };
		604779302C5CCABC00CD3F38 /* ContentView.swift */ = {isa = PBXFileReference; lastKnownFileType = sourcecode.swift; path = ContentView.swift; sourceTree = "<group>"; };
		604779322C5CCABC00CD3F38 /* Assets.xcassets */ = {isa = PBXFileReference; lastKnownFileType = folder.assetcatalog; path = Assets.xcassets; sourceTree = "<group>"; };
		604779352C5CCABC00CD3F38 /* Preview Assets.xcassets */ = {isa = PBXFileReference; lastKnownFileType = folder.assetcatalog; path = "Preview Assets.xcassets"; sourceTree = "<group>"; };
		6047793B2C5CCABC00CD3F38 /* Ui4StoreTests.xctest */ = {isa = PBXFileReference; explicitFileType = wrapper.cfbundle; includeInIndex = 0; path = Ui4StoreTests.xctest; sourceTree = BUILT_PRODUCTS_DIR; };
		6047793F2C5CCABC00CD3F38 /* Ui4StoreTests.swift */ = {isa = PBXFileReference; lastKnownFileType = sourcecode.swift; path = Ui4StoreTests.swift; sourceTree = "<group>"; };
		604779452C5CCABC00CD3F38 /* Ui4StoreUITests.xctest */ = {isa = PBXFileReference; explicitFileType = wrapper.cfbundle; includeInIndex = 0; path = Ui4StoreUITests.xctest; sourceTree = BUILT_PRODUCTS_DIR; };
		604779492C5CCABC00CD3F38 /* Ui4StoreUITests.swift */ = {isa = PBXFileReference; lastKnownFileType = sourcecode.swift; path = Ui4StoreUITests.swift; sourceTree = "<group>"; };
		6047794B2C5CCABC00CD3F38 /* Ui4StoreUITestsLaunchTests.swift */ = {isa = PBXFileReference; lastKnownFileType = sourcecode.swift; path = Ui4StoreUITestsLaunchTests.swift; sourceTree = "<group>"; };
		604779592C5CCCDE00CD3F38 /* ItemDetailView.swift */ = {isa = PBXFileReference; lastKnownFileType = sourcecode.swift; path = ItemDetailView.swift; sourceTree = "<group>"; };
/* End PBXFileReference section */

/* Begin PBXFrameworksBuildPhase section */
		604779282C5CCABC00CD3F38 /* Frameworks */ = {
			isa = PBXFrameworksBuildPhase;
			buildActionMask = 2147483647;
			files = (
			);
			runOnlyForDeploymentPostprocessing = 0;
		};
		604779382C5CCABC00CD3F38 /* Frameworks */ = {
			isa = PBXFrameworksBuildPhase;
			buildActionMask = 2147483647;
			files = (
			);
			runOnlyForDeploymentPostprocessing = 0;
		};
		604779422C5CCABC00CD3F38 /* Frameworks */ = {
			isa = PBXFrameworksBuildPhase;
			buildActionMask = 2147483647;
			files = (
			);
			runOnlyForDeploymentPostprocessing = 0;
		};
/* End PBXFrameworksBuildPhase section */

/* Begin PBXGroup section */
		604779222C5CCABB00CD3F38 = {
			isa = PBXGroup;
			children = (
				6047792D2C5CCABC00CD3F38 /* Ui4Store */,
				6047793E2C5CCABC00CD3F38 /* Ui4StoreTests */,
				604779482C5CCABC00CD3F38 /* Ui4StoreUITests */,
				6047792C2C5CCABC00CD3F38 /* Products */,
			);
			sourceTree = "<group>";
		};
		6047792C2C5CCABC00CD3F38 /* Products */ = {
			isa = PBXGroup;
			children = (
				6047792B2C5CCABC00CD3F38 /* Ui4Store.app */,
				6047793B2C5CCABC00CD3F38 /* Ui4StoreTests.xctest */,
				604779452C5CCABC00CD3F38 /* Ui4StoreUITests.xctest */,
			);
			name = Products;
			sourceTree = "<group>";
		};
		6047792D2C5CCABC00CD3F38 /* Ui4Store */ = {
			isa = PBXGroup;
			children = (
				604779582C5CCCB800CD3F38 /* views */,
				6047792E2C5CCABC00CD3F38 /* Ui4StoreApp.swift */,
				604779302C5CCABC00CD3F38 /* ContentView.swift */,
				604779322C5CCABC00CD3F38 /* Assets.xcassets */,
				604779342C5CCABC00CD3F38 /* Preview Content */,
			);
			path = Ui4Store;
			sourceTree = "<group>";
		};
		604779342C5CCABC00CD3F38 /* Preview Content */ = {
			isa = PBXGroup;
			children = (
				604779352C5CCABC00CD3F38 /* Preview Assets.xcassets */,
			);
			path = "Preview Content";
			sourceTree = "<group>";
		};
		6047793E2C5CCABC00CD3F38 /* Ui4StoreTests */ = {
			isa = PBXGroup;
			children = (
				6047793F2C5CCABC00CD3F38 /* Ui4StoreTests.swift */,
			);
			path = Ui4StoreTests;
			sourceTree = "<group>";
		};
		604779482C5CCABC00CD3F38 /* Ui4StoreUITests */ = {
			isa = PBXGroup;
			children = (
				604779492C5CCABC00CD3F38 /* Ui4StoreUITests.swift */,
				6047794B2C5CCABC00CD3F38 /* Ui4StoreUITestsLaunchTests.swift */,
			);
			path = Ui4StoreUITests;
			sourceTree = "<group>";
		};
		604779582C5CCCB800CD3F38 /* views */ = {
			isa = PBXGroup;
			children = (
				604779592C5CCCDE00CD3F38 /* ItemDetailView.swift */,
			);
			path = views;
			sourceTree = "<group>";
		};
/* End PBXGroup section */

/* Begin PBXNativeTarget section */
		6047792A2C5CCABC00CD3F38 /* Ui4Store */ = {
			isa = PBXNativeTarget;
			buildConfigurationList = 6047794F2C5CCABC00CD3F38 /* Build configuration list for PBXNativeTarget "Ui4Store" */;
			buildPhases = (
				604779272C5CCABC00CD3F38 /* Sources */,
				604779282C5CCABC00CD3F38 /* Frameworks */,
				604779292C5CCABC00CD3F38 /* Resources */,
			);
			buildRules = (
			);
			dependencies = (
			);
			name = Ui4Store;
			productName = Ui4Store;
			productReference = 6047792B2C5CCABC00CD3F38 /* Ui4Store.app */;
			productType = "com.apple.product-type.application";
		};
		6047793A2C5CCABC00CD3F38 /* Ui4StoreTests */ = {
			isa = PBXNativeTarget;
			buildConfigurationList = 604779522C5CCABC00CD3F38 /* Build configuration list for PBXNativeTarget "Ui4StoreTests" */;
			buildPhases = (
				604779372C5CCABC00CD3F38 /* Sources */,
				604779382C5CCABC00CD3F38 /* Frameworks */,
				604779392C5CCABC00CD3F38 /* Resources */,
			);
			buildRules = (
			);
			dependencies = (
				6047793D2C5CCABC00CD3F38 /* PBXTargetDependency */,
			);
			name = Ui4StoreTests;
			productName = Ui4StoreTests;
			productReference = 6047793B2C5CCABC00CD3F38 /* Ui4StoreTests.xctest */;
			productType = "com.apple.product-type.bundle.unit-test";
		};
		604779442C5CCABC00CD3F38 /* Ui4StoreUITests */ = {
			isa = PBXNativeTarget;
			buildConfigurationList = 604779552C5CCABC00CD3F38 /* Build configuration list for PBXNativeTarget "Ui4StoreUITests" */;
			buildPhases = (
				604779412C5CCABC00CD3F38 /* Sources */,
				604779422C5CCABC00CD3F38 /* Frameworks */,
				604779432C5CCABC00CD3F38 /* Resources */,
			);
			buildRules = (
			);
			dependencies = (
				604779472C5CCABC00CD3F38 /* PBXTargetDependency */,
			);
			name = Ui4StoreUITests;
			productName = Ui4StoreUITests;
			productReference = 604779452C5CCABC00CD3F38 /* Ui4StoreUITests.xctest */;
			productType = "com.apple.product-type.bundle.ui-testing";
		};
/* End PBXNativeTarget section */

/* Begin PBXProject section */
		604779232C5CCABB00CD3F38 /* Project object */ = {
			isa = PBXProject;
			attributes = {
				BuildIndependentTargetsInParallel = 1;
				LastSwiftUpdateCheck = 1540;
				LastUpgradeCheck = 1540;
				TargetAttributes = {
					6047792A2C5CCABC00CD3F38 = {
						CreatedOnToolsVersion = 15.4;
					};
					6047793A2C5CCABC00CD3F38 = {
						CreatedOnToolsVersion = 15.4;
						TestTargetID = 6047792A2C5CCABC00CD3F38;
					};
					604779442C5CCABC00CD3F38 = {
						CreatedOnToolsVersion = 15.4;
						TestTargetID = 6047792A2C5CCABC00CD3F38;
					};
				};
			};
			buildConfigurationList = 604779262C5CCABB00CD3F38 /* Build configuration list for PBXProject "Ui4Store" */;
			compatibilityVersion = "Xcode 14.0";
			developmentRegion = en;
			hasScannedForEncodings = 0;
			knownRegions = (
				en,
				Base,
			);
			mainGroup = 604779222C5CCABB00CD3F38;
			productRefGroup = 6047792C2C5CCABC00CD3F38 /* Products */;
			projectDirPath = "";
			projectRoot = "";
			targets = (
				6047792A2C5CCABC00CD3F38 /* Ui4Store */,
				6047793A2C5CCABC00CD3F38 /* Ui4StoreTests */,
				604779442C5CCABC00CD3F38 /* Ui4StoreUITests */,
			);
		};
/* End PBXProject section */

/* Begin PBXResourcesBuildPhase section */
		604779292C5CCABC00CD3F38 /* Resources */ = {
			isa = PBXResourcesBuildPhase;
			buildActionMask = 2147483647;
			files = (
				604779362C5CCABC00CD3F38 /* Preview Assets.xcassets in Resources */,
				604779332C5CCABC00CD3F38 /* Assets.xcassets in Resources */,
			);
			runOnlyForDeploymentPostprocessing = 0;
		};
		604779392C5CCABC00CD3F38 /* Resources */ = {
			isa = PBXResourcesBuildPhase;
			buildActionMask = 2147483647;
			files = (
			);
			runOnlyForDeploymentPostprocessing = 0;
		};
		604779432C5CCABC00CD3F38 /* Resources */ = {
			isa = PBXResourcesBuildPhase;
			buildActionMask = 2147483647;
			files = (
			);
			runOnlyForDeploymentPostprocessing = 0;
		};
/* End PBXResourcesBuildPhase section */

/* Begin PBXSourcesBuildPhase section */
		604779272C5CCABC00CD3F38 /* Sources */ = {
			isa = PBXSourcesBuildPhase;
			buildActionMask = 2147483647;
			files = (
				6047795A2C5CCCDE00CD3F38 /* ItemDetailView.swift in Sources */,
				604779312C5CCABC00CD3F38 /* ContentView.swift in Sources */,
				6047792F2C5CCABC00CD3F38 /* Ui4StoreApp.swift in Sources */,
			);
			runOnlyForDeploymentPostprocessing = 0;
		};
		604779372C5CCABC00CD3F38 /* Sources */ = {
			isa = PBXSourcesBuildPhase;
			buildActionMask = 2147483647;
			files = (
				604779402C5CCABC00CD3F38 /* Ui4StoreTests.swift in Sources */,
			);
			runOnlyForDeploymentPostprocessing = 0;
		};
		604779412C5CCABC00CD3F38 /* Sources */ = {
			isa = PBXSourcesBuildPhase;
			buildActionMask = 2147483647;
			files = (
				6047794C2C5CCABC00CD3F38 /* Ui4StoreUITestsLaunchTests.swift in Sources */,
				6047794A2C5CCABC00CD3F38 /* Ui4StoreUITests.swift in Sources */,
			);
			runOnlyForDeploymentPostprocessing = 0;
		};
/* End PBXSourcesBuildPhase section */

/* Begin PBXTargetDependency section */
		6047793D2C5CCABC00CD3F38 /* PBXTargetDependency */ = {
			isa = PBXTargetDependency;
			target = 6047792A2C5CCABC00CD3F38 /* Ui4Store */;
			targetProxy = 6047793C2C5CCABC00CD3F38 /* PBXContainerItemProxy */;
		};
		604779472C5CCABC00CD3F38 /* PBXTargetDependency */ = {
			isa = PBXTargetDependency;
			target = 6047792A2C5CCABC00CD3F38 /* Ui4Store */;
			targetProxy = 604779462C5CCABC00CD3F38 /* PBXContainerItemProxy */;
		};
/* End PBXTargetDependency section */

/* Begin XCBuildConfiguration section */
		6047794D2C5CCABC00CD3F38 /* Debug */ = {
			isa = XCBuildConfiguration;
			buildSettings = {
				ALWAYS_SEARCH_USER_PATHS = NO;
				ASSETCATALOG_COMPILER_GENERATE_SWIFT_ASSET_SYMBOL_EXTENSIONS = YES;
				CLANG_ANALYZER_NONNULL = YES;
				CLANG_ANALYZER_NUMBER_OBJECT_CONVERSION = YES_AGGRESSIVE;
				CLANG_CXX_LANGUAGE_STANDARD = "gnu++20";
				CLANG_ENABLE_MODULES = YES;
				CLANG_ENABLE_OBJC_ARC = YES;
				CLANG_ENABLE_OBJC_WEAK = YES;
				CLANG_WARN_BLOCK_CAPTURE_AUTORELEASING = YES;
				CLANG_WARN_BOOL_CONVERSION = YES;
				CLANG_WARN_COMMA = YES;
				CLANG_WARN_CONSTANT_CONVERSION = YES;
				CLANG_WARN_DEPRECATED_OBJC_IMPLEMENTATIONS = YES;
				CLANG_WARN_DIRECT_OBJC_ISA_USAGE = YES_ERROR;
				CLANG_WARN_DOCUMENTATION_COMMENTS = YES;
				CLANG_WARN_EMPTY_BODY = YES;
				CLANG_WARN_ENUM_CONVERSION = YES;
				CLANG_WARN_INFINITE_RECURSION = YES;
				CLANG_WARN_INT_CONVERSION = YES;
				CLANG_WARN_NON_LITERAL_NULL_CONVERSION = YES;
				CLANG_WARN_OBJC_IMPLICIT_RETAIN_SELF = YES;
				CLANG_WARN_OBJC_LITERAL_CONVERSION = YES;
				CLANG_WARN_OBJC_ROOT_CLASS = YES_ERROR;
				CLANG_WARN_QUOTED_INCLUDE_IN_FRAMEWORK_HEADER = YES;
				CLANG_WARN_RANGE_LOOP_ANALYSIS = YES;
				CLANG_WARN_STRICT_PROTOTYPES = YES;
				CLANG_WARN_SUSPICIOUS_MOVE = YES;
				CLANG_WARN_UNGUARDED_AVAILABILITY = YES_AGGRESSIVE;
				CLANG_WARN_UNREACHABLE_CODE = YES;
				CLANG_WARN__DUPLICATE_METHOD_MATCH = YES;
				COPY_PHASE_STRIP = NO;
				DEBUG_INFORMATION_FORMAT = dwarf;
				ENABLE_STRICT_OBJC_MSGSEND = YES;
				ENABLE_TESTABILITY = YES;
				ENABLE_USER_SCRIPT_SANDBOXING = YES;
				GCC_C_LANGUAGE_STANDARD = gnu17;
				GCC_DYNAMIC_NO_PIC = NO;
				GCC_NO_COMMON_BLOCKS = YES;
				GCC_OPTIMIZATION_LEVEL = 0;
				GCC_PREPROCESSOR_DEFINITIONS = (
					"DEBUG=1",
					"$(inherited)",
				);
				GCC_WARN_64_TO_32_BIT_CONVERSION = YES;
				GCC_WARN_ABOUT_RETURN_TYPE = YES_ERROR;
				GCC_WARN_UNDECLARED_SELECTOR = YES;
				GCC_WARN_UNINITIALIZED_AUTOS = YES_AGGRESSIVE;
				GCC_WARN_UNUSED_FUNCTION = YES;
				GCC_WARN_UNUSED_VARIABLE = YES;
				IPHONEOS_DEPLOYMENT_TARGET = 17.5;
				LOCALIZATION_PREFERS_STRING_CATALOGS = YES;
				MTL_ENABLE_DEBUG_INFO = INCLUDE_SOURCE;
				MTL_FAST_MATH = YES;
				ONLY_ACTIVE_ARCH = YES;
				SDKROOT = iphoneos;
				SWIFT_ACTIVE_COMPILATION_CONDITIONS = "DEBUG $(inherited)";
				SWIFT_OPTIMIZATION_LEVEL = "-Onone";
			};
			name = Debug;
		};
		6047794E2C5CCABC00CD3F38 /* Release */ = {
			isa = XCBuildConfiguration;
			buildSettings = {
				ALWAYS_SEARCH_USER_PATHS = NO;
				ASSETCATALOG_COMPILER_GENERATE_SWIFT_ASSET_SYMBOL_EXTENSIONS = YES;
				CLANG_ANALYZER_NONNULL = YES;
				CLANG_ANALYZER_NUMBER_OBJECT_CONVERSION = YES_AGGRESSIVE;
				CLANG_CXX_LANGUAGE_STANDARD = "gnu++20";
				CLANG_ENABLE_MODULES = YES;
				CLANG_ENABLE_OBJC_ARC = YES;
				CLANG_ENABLE_OBJC_WEAK = YES;
				CLANG_WARN_BLOCK_CAPTURE_AUTORELEASING = YES;
				CLANG_WARN_BOOL_CONVERSION = YES;
				CLANG_WARN_COMMA = YES;
				CLANG_WARN_CONSTANT_CONVERSION = YES;
				CLANG_WARN_DEPRECATED_OBJC_IMPLEMENTATIONS = YES;
				CLANG_WARN_DIRECT_OBJC_ISA_USAGE = YES_ERROR;
				CLANG_WARN_DOCUMENTATION_COMMENTS = YES;
				CLANG_WARN_EMPTY_BODY = YES;
				CLANG_WARN_ENUM_CONVERSION = YES;
				CLANG_WARN_INFINITE_RECURSION = YES;
				CLANG_WARN_INT_CONVERSION = YES;
				CLANG_WARN_NON_LITERAL_NULL_CONVERSION = YES;
				CLANG_WARN_OBJC_IMPLICIT_RETAIN_SELF = YES;
				CLANG_WARN_OBJC_LITERAL_CONVERSION = YES;
				CLANG_WARN_OBJC_ROOT_CLASS = YES_ERROR;
				CLANG_WARN_QUOTED_INCLUDE_IN_FRAMEWORK_HEADER = YES;
				CLANG_WARN_RANGE_LOOP_ANALYSIS = YES;
				CLANG_WARN_STRICT_PROTOTYPES = YES;
				CLANG_WARN_SUSPICIOUS_MOVE = YES;
				CLANG_WARN_UNGUARDED_AVAILABILITY = YES_AGGRESSIVE;
				CLANG_WARN_UNREACHABLE_CODE = YES;
				CLANG_WARN__DUPLICATE_METHOD_MATCH = YES;
				COPY_PHASE_STRIP = NO;
				DEBUG_INFORMATION_FORMAT = "dwarf-with-dsym";
				ENABLE_NS_ASSERTIONS = NO;
				ENABLE_STRICT_OBJC_MSGSEND = YES;
				ENABLE_USER_SCRIPT_SANDBOXING = YES;
				GCC_C_LANGUAGE_STANDARD = gnu17;
				GCC_NO_COMMON_BLOCKS = YES;
				GCC_WARN_64_TO_32_BIT_CONVERSION = YES;
				GCC_WARN_ABOUT_RETURN_TYPE = YES_ERROR;
				GCC_WARN_UNDECLARED_SELECTOR = YES;
				GCC_WARN_UNINITIALIZED_AUTOS = YES_AGGRESSIVE;
				GCC_WARN_UNUSED_FUNCTION = YES;
				GCC_WARN_UNUSED_VARIABLE = YES;
				IPHONEOS_DEPLOYMENT_TARGET = 17.5;
				LOCALIZATION_PREFERS_STRING_CATALOGS = YES;
				MTL_ENABLE_DEBUG_INFO = NO;
				MTL_FAST_MATH = YES;
				SDKROOT = iphoneos;
				SWIFT_COMPILATION_MODE = wholemodule;
				VALIDATE_PRODUCT = YES;
			};
			name = Release;
		};
		604779502C5CCABC00CD3F38 /* Debug */ = {
			isa = XCBuildConfiguration;
			buildSettings = {
				ASSETCATALOG_COMPILER_APPICON_NAME = AppIcon;
				ASSETCATALOG_COMPILER_GLOBAL_ACCENT_COLOR_NAME = AccentColor;
				CODE_SIGN_STYLE = Automatic;
				CURRENT_PROJECT_VERSION = 1;
				DEVELOPMENT_ASSET_PATHS = "\"Ui4Store/Preview Content\"";
				ENABLE_PREVIEWS = YES;
				GENERATE_INFOPLIST_FILE = YES;
				INFOPLIST_KEY_UIApplicationSceneManifest_Generation = YES;
				INFOPLIST_KEY_UIApplicationSupportsIndirectInputEvents = YES;
				INFOPLIST_KEY_UILaunchScreen_Generation = YES;
				INFOPLIST_KEY_UISupportedInterfaceOrientations_iPad = "UIInterfaceOrientationPortrait UIInterfaceOrientationPortraitUpsideDown UIInterfaceOrientationLandscapeLeft UIInterfaceOrientationLandscapeRight";
				INFOPLIST_KEY_UISupportedInterfaceOrientations_iPhone = "UIInterfaceOrientationPortrait UIInterfaceOrientationLandscapeLeft UIInterfaceOrientationLandscapeRight";
				LD_RUNPATH_SEARCH_PATHS = (
					"$(inherited)",
					"@executable_path/Frameworks",
				);
				MARKETING_VERSION = 1.0;
				PRODUCT_BUNDLE_IDENTIFIER = com.eric.Ui4Store;
				PRODUCT_NAME = "$(TARGET_NAME)";
				SWIFT_EMIT_LOC_STRINGS = YES;
				SWIFT_VERSION = 5.0;
				TARGETED_DEVICE_FAMILY = "1,2";
			};
			name = Debug;
		};
		604779512C5CCABC00CD3F38 /* Release */ = {
			isa = XCBuildConfiguration;
			buildSettings = {
				ASSETCATALOG_COMPILER_APPICON_NAME = AppIcon;
				ASSETCATALOG_COMPILER_GLOBAL_ACCENT_COLOR_NAME = AccentColor;
				CODE_SIGN_STYLE = Automatic;
				CURRENT_PROJECT_VERSION = 1;
				DEVELOPMENT_ASSET_PATHS = "\"Ui4Store/Preview Content\"";
				ENABLE_PREVIEWS = YES;
				GENERATE_INFOPLIST_FILE = YES;
				INFOPLIST_KEY_UIApplicationSceneManifest_Generation = YES;
				INFOPLIST_KEY_UIApplicationSupportsIndirectInputEvents = YES;
				INFOPLIST_KEY_UILaunchScreen_Generation = YES;
				INFOPLIST_KEY_UISupportedInterfaceOrientations_iPad = "UIInterfaceOrientationPortrait UIInterfaceOrientationPortraitUpsideDown UIInterfaceOrientationLandscapeLeft UIInterfaceOrientationLandscapeRight";
				INFOPLIST_KEY_UISupportedInterfaceOrientations_iPhone = "UIInterfaceOrientationPortrait UIInterfaceOrientationLandscapeLeft UIInterfaceOrientationLandscapeRight";
				LD_RUNPATH_SEARCH_PATHS = (
					"$(inherited)",
					"@executable_path/Frameworks",
				);
				MARKETING_VERSION = 1.0;
				PRODUCT_BUNDLE_IDENTIFIER = com.eric.Ui4Store;
				PRODUCT_NAME = "$(TARGET_NAME)";
				SWIFT_EMIT_LOC_STRINGS = YES;
				SWIFT_VERSION = 5.0;
				TARGETED_DEVICE_FAMILY = "1,2";
			};
			name = Release;
		};
		604779532C5CCABC00CD3F38 /* Debug */ = {
			isa = XCBuildConfiguration;
			buildSettings = {
				ALWAYS_EMBED_SWIFT_STANDARD_LIBRARIES = YES;
				BUNDLE_LOADER = "$(TEST_HOST)";
				CODE_SIGN_STYLE = Automatic;
				CURRENT_PROJECT_VERSION = 1;
				GENERATE_INFOPLIST_FILE = YES;
				IPHONEOS_DEPLOYMENT_TARGET = 17.5;
				MARKETING_VERSION = 1.0;
				PRODUCT_BUNDLE_IDENTIFIER = com.eric.Ui4StoreTests;
				PRODUCT_NAME = "$(TARGET_NAME)";
				SWIFT_EMIT_LOC_STRINGS = NO;
				SWIFT_VERSION = 5.0;
				TARGETED_DEVICE_FAMILY = "1,2";
				TEST_HOST = "$(BUILT_PRODUCTS_DIR)/Ui4Store.app/$(BUNDLE_EXECUTABLE_FOLDER_PATH)/Ui4Store";
			};
			name = Debug;
		};
		604779542C5CCABC00CD3F38 /* Release */ = {
			isa = XCBuildConfiguration;
			buildSettings = {
				ALWAYS_EMBED_SWIFT_STANDARD_LIBRARIES = YES;
				BUNDLE_LOADER = "$(TEST_HOST)";
				CODE_SIGN_STYLE = Automatic;
				CURRENT_PROJECT_VERSION = 1;
				GENERATE_INFOPLIST_FILE = YES;
				IPHONEOS_DEPLOYMENT_TARGET = 17.5;
				MARKETING_VERSION = 1.0;
				PRODUCT_BUNDLE_IDENTIFIER = com.eric.Ui4StoreTests;
				PRODUCT_NAME = "$(TARGET_NAME)";
				SWIFT_EMIT_LOC_STRINGS = NO;
				SWIFT_VERSION = 5.0;
				TARGETED_DEVICE_FAMILY = "1,2";
				TEST_HOST = "$(BUILT_PRODUCTS_DIR)/Ui4Store.app/$(BUNDLE_EXECUTABLE_FOLDER_PATH)/Ui4Store";
			};
			name = Release;
		};
		604779562C5CCABC00CD3F38 /* Debug */ = {
			isa = XCBuildConfiguration;
			buildSettings = {
				ALWAYS_EMBED_SWIFT_STANDARD_LIBRARIES = YES;
				CODE_SIGN_STYLE = Automatic;
				CURRENT_PROJECT_VERSION = 1;
				GENERATE_INFOPLIST_FILE = YES;
				MARKETING_VERSION = 1.0;
				PRODUCT_BUNDLE_IDENTIFIER = com.eric.Ui4StoreUITests;
				PRODUCT_NAME = "$(TARGET_NAME)";
				SWIFT_EMIT_LOC_STRINGS = NO;
				SWIFT_VERSION = 5.0;
				TARGETED_DEVICE_FAMILY = "1,2";
				TEST_TARGET_NAME = Ui4Store;
			};
			name = Debug;
		};
		604779572C5CCABC00CD3F38 /* Release */ = {
			isa = XCBuildConfiguration;
			buildSettings = {
				ALWAYS_EMBED_SWIFT_STANDARD_LIBRARIES = YES;
				CODE_SIGN_STYLE = Automatic;
				CURRENT_PROJECT_VERSION = 1;
				GENERATE_INFOPLIST_FILE = YES;
				MARKETING_VERSION = 1.0;
				PRODUCT_BUNDLE_IDENTIFIER = com.eric.Ui4StoreUITests;
				PRODUCT_NAME = "$(TARGET_NAME)";
				SWIFT_EMIT_LOC_STRINGS = NO;
				SWIFT_VERSION = 5.0;
				TARGETED_DEVICE_FAMILY = "1,2";
				TEST_TARGET_NAME = Ui4Store;
			};
			name = Release;
		};
/* End XCBuildConfiguration section */

/* Begin XCConfigurationList section */
		604779262C5CCABB00CD3F38 /* Build configuration list for PBXProject "Ui4Store" */ = {
			isa = XCConfigurationList;
			buildConfigurations = (
				6047794D2C5CCABC00CD3F38 /* Debug */,
				6047794E2C5CCABC00CD3F38 /* Release */,
			);
			defaultConfigurationIsVisible = 0;
			defaultConfigurationName = Release;
		};
		6047794F2C5CCABC00CD3F38 /* Build configuration list for PBXNativeTarget "Ui4Store" */ = {
			isa = XCConfigurationList;
			buildConfigurations = (
				604779502C5CCABC00CD3F38 /* Debug */,
				604779512C5CCABC00CD3F38 /* Release */,
			);
			defaultConfigurationIsVisible = 0;
			defaultConfigurationName = Release;
		};
		604779522C5CCABC00CD3F38 /* Build configuration list for PBXNativeTarget "Ui4StoreTests" */ = {
			isa = XCConfigurationList;
			buildConfigurations = (
				604779532C5CCABC00CD3F38 /* Debug */,
				604779542C5CCABC00CD3F38 /* Release */,
			);
			defaultConfigurationIsVisible = 0;
			defaultConfigurationName = Release;
		};
		604779552C5CCABC00CD3F38 /* Build configuration list for PBXNativeTarget "Ui4StoreUITests" */ = {
			isa = XCConfigurationList;
			buildConfigurations = (
				604779562C5CCABC00CD3F38 /* Debug */,
				604779572C5CCABC00CD3F38 /* Release */,
			);
			defaultConfigurationIsVisible = 0;
			defaultConfigurationName = Release;
		};
/* End XCConfigurationList section */
	};
	rootObject = 604779232C5CCABB00CD3F38 /* Project object */;
}
